<?xml version="1.0" encoding="UTF-8"?>
<CodeBlocks_project_file>
	<FileVersion major="1" minor="6"/>
	<Project>
		<Option title="SpyCBlockRPC"/>
		<Option makefile_is_custom="1"/>
		<Option compiler="gcc"/>
		<Option virtualFolders="CMake Files\;CMake Files\..\;CMake Files\..\..\;CMake Files\..\..\..\;CMake Files\..\..\..\..\;CMake Files\..\..\..\..\usr\;CMake Files\..\..\..\..\usr\local\;CMake Files\..\..\..\..\usr\local\lib\;CMake Files\..\..\..\..\usr\local\lib\cmake\;CMake Files\..\..\..\..\usr\local\lib\cmake\glog\;CMake Files\..\..\..\..\usr\local\lib\cmake\RapidJSON\;CMake Files\..\..\..\..\usr\lib\;CMake Files\..\..\..\..\usr\lib\x86_64-linux-gnu\;CMake Files\..\..\..\..\usr\lib\x86_64-linux-gnu\cmake\;CMake Files\..\..\..\..\usr\lib\x86_64-linux-gnu\cmake\gflags\;"/>
		<Build>
			<Target title="all">
				<Option working_dir="/home/vincenzo/Github/SpyCBlockRPC"/>
				<Option type="4"/>
				<MakeCommands>
					<Build command="/usr/bin/make -f &quot;/home/vincenzo/Github/SpyCBlockRPC/Makefile&quot;  VERBOSE=1 all"/>
					<CompileFile command="/usr/bin/make -f &quot;/home/vincenzo/Github/SpyCBlockRPC/Makefile&quot;  VERBOSE=1 &quot;$file&quot;"/>
					<Clean command="/usr/bin/make -f &quot;/home/vincenzo/Github/SpyCBlockRPC/Makefile&quot;  VERBOSE=1 clean"/>
					<DistClean command="/usr/bin/make -f &quot;/home/vincenzo/Github/SpyCBlockRPC/Makefile&quot;  VERBOSE=1 clean"/>
				</MakeCommands>
			</Target>
			<Target title="rebuild_cache">
				<Option working_dir="/home/vincenzo/Github/SpyCBlockRPC"/>
				<Option type="4"/>
				<MakeCommands>
					<Build command="/usr/bin/make -f &quot;/home/vincenzo/Github/SpyCBlockRPC/Makefile&quot;  VERBOSE=1 rebuild_cache"/>
					<CompileFile command="/usr/bin/make -f &quot;/home/vincenzo/Github/SpyCBlockRPC/Makefile&quot;  VERBOSE=1 &quot;$file&quot;"/>
					<Clean command="/usr/bin/make -f &quot;/home/vincenzo/Github/SpyCBlockRPC/Makefile&quot;  VERBOSE=1 clean"/>
					<DistClean command="/usr/bin/make -f &quot;/home/vincenzo/Github/SpyCBlockRPC/Makefile&quot;  VERBOSE=1 clean"/>
				</MakeCommands>
			</Target>
			<Target title="SpyCBlockRPC">
				<Option output="/home/vincenzo/Github/SpyCBlockRPC/SpyCBlockRPC" prefix_auto="0" extension_auto="0"/>
				<Option working_dir="/home/vincenzo/Github/SpyCBlockRPC"/>
				<Option object_output="./"/>
				<Option type="1"/>
				<Option compiler="gcc"/>
				<Compiler>
					<Add option="-DGFLAGS_DLL_DECLARE_FLAG="/>
					<Add option="-DGFLAGS_DLL_DEFINE_FLAG="/>
					<Add option="-DGOOGLE_GLOG_DLL_DECL="/>
					<Add option="-DGFLAGS_IS_A_DLL=0"/>
					<Add directory="/usr/local/include"/>
				</Compiler>
				<MakeCommands>
					<Build command="/usr/bin/make -f &quot;/home/vincenzo/Github/SpyCBlockRPC/Makefile&quot;  VERBOSE=1 SpyCBlockRPC"/>
					<CompileFile command="/usr/bin/make -f &quot;/home/vincenzo/Github/SpyCBlockRPC/Makefile&quot;  VERBOSE=1 &quot;$file&quot;"/>
					<Clean command="/usr/bin/make -f &quot;/home/vincenzo/Github/SpyCBlockRPC/Makefile&quot;  VERBOSE=1 clean"/>
					<DistClean command="/usr/bin/make -f &quot;/home/vincenzo/Github/SpyCBlockRPC/Makefile&quot;  VERBOSE=1 clean"/>
				</MakeCommands>
			</Target>
			<Target title="SpyCBlockRPC/fast">
				<Option output="/home/vincenzo/Github/SpyCBlockRPC/SpyCBlockRPC" prefix_auto="0" extension_auto="0"/>
				<Option working_dir="/home/vincenzo/Github/SpyCBlockRPC"/>
				<Option object_output="./"/>
				<Option type="1"/>
				<Option compiler="gcc"/>
				<Compiler>
					<Add option="-DGFLAGS_DLL_DECLARE_FLAG="/>
					<Add option="-DGFLAGS_DLL_DEFINE_FLAG="/>
					<Add option="-DGOOGLE_GLOG_DLL_DECL="/>
					<Add option="-DGFLAGS_IS_A_DLL=0"/>
					<Add directory="/usr/local/include"/>
				</Compiler>
				<MakeCommands>
					<Build command="/usr/bin/make -f &quot;/home/vincenzo/Github/SpyCBlockRPC/Makefile&quot;  VERBOSE=1 SpyCBlockRPC/fast"/>
					<CompileFile command="/usr/bin/make -f &quot;/home/vincenzo/Github/SpyCBlockRPC/Makefile&quot;  VERBOSE=1 &quot;$file&quot;"/>
					<Clean command="/usr/bin/make -f &quot;/home/vincenzo/Github/SpyCBlockRPC/Makefile&quot;  VERBOSE=1 clean"/>
					<DistClean command="/usr/bin/make -f &quot;/home/vincenzo/Github/SpyCBlockRPC/Makefile&quot;  VERBOSE=1 clean"/>
				</MakeCommands>
			</Target>
			<Target title="edit_cache">
				<Option working_dir="/home/vincenzo/Github/SpyCBlockRPC"/>
				<Option type="4"/>
				<MakeCommands>
					<Build command="/usr/bin/make -f &quot;/home/vincenzo/Github/SpyCBlockRPC/Makefile&quot;  VERBOSE=1 edit_cache"/>
					<CompileFile command="/usr/bin/make -f &quot;/home/vincenzo/Github/SpyCBlockRPC/Makefile&quot;  VERBOSE=1 &quot;$file&quot;"/>
					<Clean command="/usr/bin/make -f &quot;/home/vincenzo/Github/SpyCBlockRPC/Makefile&quot;  VERBOSE=1 clean"/>
					<DistClean command="/usr/bin/make -f &quot;/home/vincenzo/Github/SpyCBlockRPC/Makefile&quot;  VERBOSE=1 clean"/>
				</MakeCommands>
			</Target>
		</Build>
		<Unit filename="/home/vincenzo/Github/SpyCBlockRPC/lib/cpp-properties/src/Properties.cpp">
			<Option target="SpyCBlockRPC"/>
		</Unit>
		<Unit filename="/home/vincenzo/Github/SpyCBlockRPC/lib/cpp-properties/src/PropertiesParser.cpp">
			<Option target="SpyCBlockRPC"/>
		</Unit>
		<Unit filename="/home/vincenzo/Github/SpyCBlockRPC/lib/cpp-properties/src/PropertiesUtils.cpp">
			<Option target="SpyCBlockRPC"/>
		</Unit>
		<Unit filename="/home/vincenzo/Github/SpyCBlockRPC/main.cpp">
			<Option target="SpyCBlockRPC"/>
		</Unit>
		<Unit filename="/home/vincenzo/Github/SpyCBlockRPC/CMakeLists.txt">
			<Option virtualFolder="CMake Files\"/>
		</Unit>
		<Unit filename="/home/vincenzo/Github/SpyCBlockRPC/../../../../usr/local/lib/cmake/glog/glog-config-version.cmake">
			<Option virtualFolder="CMake Files\..\..\..\..\usr\local\lib\cmake\glog\"/>
		</Unit>
		<Unit filename="/home/vincenzo/Github/SpyCBlockRPC/../../../../usr/local/lib/cmake/glog/glog-config.cmake">
			<Option virtualFolder="CMake Files\..\..\..\..\usr\local\lib\cmake\glog\"/>
		</Unit>
		<Unit filename="/home/vincenzo/Github/SpyCBlockRPC/../../../../usr/local/lib/cmake/glog/glog-targets-noconfig.cmake">
			<Option virtualFolder="CMake Files\..\..\..\..\usr\local\lib\cmake\glog\"/>
		</Unit>
		<Unit filename="/home/vincenzo/Github/SpyCBlockRPC/../../../../usr/local/lib/cmake/glog/glog-targets.cmake">
			<Option virtualFolder="CMake Files\..\..\..\..\usr\local\lib\cmake\glog\"/>
		</Unit>
		<Unit filename="/home/vincenzo/Github/SpyCBlockRPC/../../../../usr/local/lib/cmake/RapidJSON/RapidJSONConfig.cmake">
			<Option virtualFolder="CMake Files\..\..\..\..\usr\local\lib\cmake\RapidJSON\"/>
		</Unit>
		<Unit filename="/home/vincenzo/Github/SpyCBlockRPC/../../../../usr/local/lib/cmake/RapidJSON/RapidJSONConfigVersion.cmake">
			<Option virtualFolder="CMake Files\..\..\..\..\usr\local\lib\cmake\RapidJSON\"/>
		</Unit>
		<Unit filename="/home/vincenzo/Github/SpyCBlockRPC/../../../../usr/lib/x86_64-linux-gnu/cmake/gflags/gflags-config-version.cmake">
			<Option virtualFolder="CMake Files\..\..\..\..\usr\lib\x86_64-linux-gnu\cmake\gflags\"/>
		</Unit>
		<Unit filename="/home/vincenzo/Github/SpyCBlockRPC/../../../../usr/lib/x86_64-linux-gnu/cmake/gflags/gflags-config.cmake">
			<Option virtualFolder="CMake Files\..\..\..\..\usr\lib\x86_64-linux-gnu\cmake\gflags\"/>
		</Unit>
		<Unit filename="/home/vincenzo/Github/SpyCBlockRPC/../../../../usr/lib/x86_64-linux-gnu/cmake/gflags/gflags-targets-release.cmake">
			<Option virtualFolder="CMake Files\..\..\..\..\usr\lib\x86_64-linux-gnu\cmake\gflags\"/>
		</Unit>
		<Unit filename="/home/vincenzo/Github/SpyCBlockRPC/../../../../usr/lib/x86_64-linux-gnu/cmake/gflags/gflags-targets.cmake">
			<Option virtualFolder="CMake Files\..\..\..\..\usr\lib\x86_64-linux-gnu\cmake\gflags\"/>
		</Unit>
	</Project>
</CodeBlocks_project_file>
